
Microsoft Visual Studio Solution File, Format Version 12.00
# Visual Studio Version 17
VisualStudioVersion = 17.1.32210.238
MinimumVisualStudioVersion = 10.0.40219.1
Project("{FAE04EC0-301F-11D3-BF4B-00C04F79EFBC}") = "OOP_Lab2", "OOP_Lab1\OOP_Lab2.csproj", "{AF2E1507-1FF2-4251-93E8-100D7EAE9901}"
EndProject
Global
	GlobalSection(SolutionConfigurationPlatforms) = preSolution
		Debug|Any CPU = Debug|Any CPU
		Release|Any CPU = Release|Any CPU
	EndGlobalSection
	GlobalSection(ProjectConfigurationPlatforms) = postSolution
		{AF2E1507-1FF2-4251-93E8-100D7EAE9901}.Debug|Any CPU.ActiveCfg = Debug|Any CPU
		{AF2E1507-1FF2-4251-93E8-100D7EAE9901}.Debug|Any CPU.Build.0 = Debug|Any CPU
		{AF2E1507-1FF2-4251-93E8-100D7EAE9901}.Release|Any CPU.ActiveCfg = Release|Any CPU
		{AF2E1507-1FF2-4251-93E8-100D7EAE9901}.Release|Any CPU.Build.0 = Release|Any CPU
	EndGlobalSection
	GlobalSection(SolutionProperties) = preSolution
		HideSolutionNode = FALSE
	EndGlobalSection
	GlobalSection(ExtensibilityGlobals) = postSolution
		SolutionGuid = {C4A8DF9B-9DCB-40DA-9783-CC1B6FE0DAE3}
	EndGlobalSection
EndGlobal
